# THIS IS AN AUTOGENERATED FILE. DO NOT EDIT THIS FILE DIRECTLY.
# yarn lockfile v1


minimist@0.0.8, "minimist@ssh://github.com/substack/minimist.git#0.0.8":
  version "0.0.8"
  resolved "ssh://github.com/substack/minimist.git#3754568bfd43a841d2d72d7fb54598635aea8fa4"

"mkdirp@ssh://github.com/substack/node-mkdirp.git#0.5.1":
  version "0.5.1"
  resolved "ssh://github.com/substack/node-mkdirp.git#d4eff0f06093aed4f387e88e9fc301cb76beedc7"
  dependencies:
    minimist "0.0.8"

"ncp@ssh://github.com/AvianFlu/ncp.git#v2.0.0":
  version "2.0.0"
  resolved "ssh://github.com/AvianFlu/ncp.git#93c7c6c719e2a4944dc09a16178b09aef428cdf0"

"ubootstrap-core@ssh://github.com/minhhh/UBootstrap.Core.git#v0.0.12":
  version "0.0.12"
  resolved "ssh://github.com/minhhh/UBootstrap.Core.git#e4aeb9da96b435ed925c38cf5d85aa68e3591f5b"
  dependencies:
    minimist "ssh://github.com/substack/minimist.git#0.0.8"
    mkdirp "ssh://github.com/substack/node-mkdirp.git#0.5.1"
    ncp "ssh://github.com/AvianFlu/ncp.git#v2.0.0"
